
Microsoft Visual Studio Solution File, Format Version 12.00
# Visual Studio Version 17
VisualStudioVersion = 17.1.32210.238
MinimumVisualStudioVersion = 10.0.40219.1
Project("{FAE04EC0-301F-11D3-BF4B-00C04F79EFBC}") = "Activity2", "Activity2\Activity2.csproj", "{D023D1D9-69A5-49C3-B480-39F4D2D51647}"
EndProject
Global
	GlobalSection(SolutionConfigurationPlatforms) = preSolution
		Debug|Any CPU = Debug|Any CPU
		Release|Any CPU = Release|Any CPU
	EndGlobalSection
	GlobalSection(ProjectConfigurationPlatforms) = postSolution
		{D023D1D9-69A5-49C3-B480-39F4D2D51647}.Debug|Any CPU.ActiveCfg = Debug|Any CPU
		{D023D1D9-69A5-49C3-B480-39F4D2D51647}.Debug|Any CPU.Build.0 = Debug|Any CPU
		{D023D1D9-69A5-49C3-B480-39F4D2D51647}.Release|Any CPU.ActiveCfg = Release|Any CPU
		{D023D1D9-69A5-49C3-B480-39F4D2D51647}.Release|Any CPU.Build.0 = Release|Any CPU
	EndGlobalSection
	GlobalSection(SolutionProperties) = preSolution
		HideSolutionNode = FALSE
	EndGlobalSection
	GlobalSection(ExtensibilityGlobals) = postSolution
		SolutionGuid = {E6B8EA90-B38A-436F-AE2A-5C41D321412A}
	EndGlobalSection
EndGlobal
